
Microsoft Visual Studio Solution File, Format Version 12.00
# Visual Studio Version 16
VisualStudioVersion = 16.0.31613.86
MinimumVisualStudioVersion = 10.0.40219.1
Project("{9A19103F-16F7-4668-BE54-9A1E7A4F7556}") = "Web", "Web\Web.csproj", "{4640CAE8-1617-453F-A0C6-C11E9D7A82B4}"
EndProject
Project("{FAE04EC0-301F-11D3-BF4B-00C04F79EFBC}") = "Data", "Data\Data.csproj", "{923DD544-22A5-4269-9B16-CA80E5255D40}"
EndProject
Global
	GlobalSection(SolutionConfigurationPlatforms) = preSolution
		Debug|Any CPU = Debug|Any CPU
		Release|Any CPU = Release|Any CPU
	EndGlobalSection
	GlobalSection(ProjectConfigurationPlatforms) = postSolution
		{4640CAE8-1617-453F-A0C6-C11E9D7A82B4}.Debug|Any CPU.ActiveCfg = Debug|Any CPU
		{4640CAE8-1617-453F-A0C6-C11E9D7A82B4}.Debug|Any CPU.Build.0 = Debug|Any CPU
		{4640CAE8-1617-453F-A0C6-C11E9D7A82B4}.Release|Any CPU.ActiveCfg = Release|Any CPU
		{4640CAE8-1617-453F-A0C6-C11E9D7A82B4}.Release|Any CPU.Build.0 = Release|Any CPU
		{923DD544-22A5-4269-9B16-CA80E5255D40}.Debug|Any CPU.ActiveCfg = Debug|Any CPU
		{923DD544-22A5-4269-9B16-CA80E5255D40}.Debug|Any CPU.Build.0 = Debug|Any CPU
		{923DD544-22A5-4269-9B16-CA80E5255D40}.Release|Any CPU.ActiveCfg = Release|Any CPU
		{923DD544-22A5-4269-9B16-CA80E5255D40}.Release|Any CPU.Build.0 = Release|Any CPU
	EndGlobalSection
	GlobalSection(SolutionProperties) = preSolution
		HideSolutionNode = FALSE
	EndGlobalSection
	GlobalSection(ExtensibilityGlobals) = postSolution
		SolutionGuid = {95BE6E95-D298-4E89-9F9A-AAB129203AD3}
	EndGlobalSection
EndGlobal
